// !$*UTF8*$!
{
	archiveVersion = 1;
	classes = {
	};
	objectVersion = 45;
	objects = {

/* Begin PBXBuildFile section */
		1DDD58160DA1D0A300B32029 /* MainMenu.xib in Resources */ = {isa = PBXBuildFile; fileRef = 1DDD58140DA1D0A300B32029 /* MainMenu.xib */; };
		256AC3DA0F4B6AC300CF3369 /* serverAppDelegate.m in Sources */ = {isa = PBXBuildFile; fileRef = 256AC3D90F4B6AC300CF3369 /* serverAppDelegate.m */; };
		8D11072B0486CEB800E47090 /* InfoPlist.strings in Resources */ = {isa = PBXBuildFile; fileRef = 089C165CFE840E0CC02AAC07 /* InfoPlist.strings */; };
		8D11072D0486CEB800E47090 /* main.m in Sources */ = {isa = PBXBuildFile; fileRef = 29B97316FDCFA39411CA2CEA /* main.m */; settings = {ATTRIBUTES = (); }; };
		8D11072F0486CEB800E47090 /* Cocoa.framework in Frameworks */ = {isa = PBXBuildFile; fileRef = 1058C7A1FEA54F0111CA2CBB /* Cocoa.framework */; };
		943E8E4A127DCC86006894D3 /* Security.framework in Frameworks */ = {isa = PBXBuildFile; fileRef = 943E8E49127DCC86006894D3 /* Security.framework */; };
		9458ECAD12845BE500E3B662 /* libyajl.1.0.11.dylib in Frameworks */ = {isa = PBXBuildFile; fileRef = 9458ECAC12845BE500E3B662 /* libyajl.1.0.11.dylib */; };
		9458ECBF128465BA00E3B662 /* libyajl.1.0.11.dylib in Copy Frameworks */ = {isa = PBXBuildFile; fileRef = 9458ECAC12845BE500E3B662 /* libyajl.1.0.11.dylib */; };
		9458ECE21284D3D700E3B662 /* SXXXXXXXApplication.m in Sources */ = {isa = PBXBuildFile; fileRef = 9458ECE11284D3D700E3B662 /* SXXXXXXXApplication.m */; };
		9471D514126A04A40042C978 /* sx_server.c in Sources */ = {isa = PBXBuildFile; fileRef = 9471D513126A04A40042C978 /* sx_server.c */; };
		9471D537126A06C80042C978 /* libspotify.framework in Frameworks */ = {isa = PBXBuildFile; fileRef = 9471D536126A06C80042C978 /* libspotify.framework */; };
		9471D53E126A07060042C978 /* sxxxxxxx.c in Sources */ = {isa = PBXBuildFile; fileRef = 9471D53D126A07060042C978 /* sxxxxxxx.c */; };
		9471D63B126A15A30042C978 /* http_parser.c in Sources */ = {isa = PBXBuildFile; fileRef = 9471D61E126A15A30042C978 /* http_parser.c */; };
		9471D686126A1ADD0042C978 /* libspotify.framework in Copy Frameworks */ = {isa = PBXBuildFile; fileRef = 9471D536126A06C80042C978 /* libspotify.framework */; };
		9473053012BAFD7300149FE8 /* jquery-1.4.4.min.js in Sources */ = {isa = PBXBuildFile; fileRef = 9473052F12BAFD7300149FE8 /* jquery-1.4.4.min.js */; };
		9473053A12BAFD7900149FE8 /* jquery-1.4.4.min.js in Resources */ = {isa = PBXBuildFile; fileRef = 9473052F12BAFD7300149FE8 /* jquery-1.4.4.min.js */; };
		948D122C127E55180082650E /* md5.c in Sources */ = {isa = PBXBuildFile; fileRef = 948D122B127E55180082650E /* md5.c */; };
		948D1506127FA4810082650E /* web_socket.c in Sources */ = {isa = PBXBuildFile; fileRef = 948D1505127FA4810082650E /* web_socket.c */; };
		9499E970128385850002B79F /* WebKit.framework in Frameworks */ = {isa = PBXBuildFile; fileRef = 9499E96F128385850002B79F /* WebKit.framework */; };
		9499E98F128389FE0002B79F /* core.js in Resources */ = {isa = PBXBuildFile; fileRef = 9499E98B128389F00002B79F /* core.js */; };
		9499E99A12838CD60002B79F /* controls.html in Resources */ = {isa = PBXBuildFile; fileRef = 9499E99612838CBB0002B79F /* controls.html */; };
		9499EC42128619020002B79F /* keychain.c in Sources */ = {isa = PBXBuildFile; fileRef = 9499EC41128619020002B79F /* keychain.c */; };
		94CC837A12A06F8200C14128 /* sx_spotify.c in Sources */ = {isa = PBXBuildFile; fileRef = 94CC837812A06F8200C14128 /* sx_spotify.c */; };
		94CC837D12A07B2500C14128 /* sx_json.c in Sources */ = {isa = PBXBuildFile; fileRef = 94CC837B12A07B2500C14128 /* sx_json.c */; };
		94E03233126A29B100A59FA5 /* audio.c in Sources */ = {isa = PBXBuildFile; fileRef = 94E03231126A29B100A59FA5 /* audio.c */; };
		94E03250126A2B1F00A59FA5 /* osx-audio.c in Sources */ = {isa = PBXBuildFile; fileRef = 94E0324F126A2B1F00A59FA5 /* osx-audio.c */; };
		94E03254126A2B6800A59FA5 /* AudioToolbox.framework in Frameworks */ = {isa = PBXBuildFile; fileRef = 94E03253126A2B6800A59FA5 /* AudioToolbox.framework */; };
		94E4ED5E12D903BB00BF6C30 /* spotfm.icns in Resources */ = {isa = PBXBuildFile; fileRef = 94E4ED5D12D903BB00BF6C30 /* spotfm.icns */; };
		94E4ED8512D906AC00BF6C30 /* status-icon.png in Resources */ = {isa = PBXBuildFile; fileRef = 94E4ED8412D906AC00BF6C30 /* status-icon.png */; };
		94F074D012A8769D003FA35D /* base64_encode.c in Sources */ = {isa = PBXBuildFile; fileRef = 94F074CF12A8769D003FA35D /* base64_encode.c */; };
/* End PBXBuildFile section */

/* Begin PBXCopyFilesBuildPhase section */
		9471D684126A1A8A0042C978 /* Copy Frameworks */ = {
			isa = PBXCopyFilesBuildPhase;
			buildActionMask = 2147483647;
			dstPath = "";
			dstSubfolderSpec = 10;
			files = (
				9458ECBF128465BA00E3B662 /* libyajl.1.0.11.dylib in Copy Frameworks */,
				9471D686126A1ADD0042C978 /* libspotify.framework in Copy Frameworks */,
			);
			name = "Copy Frameworks";
			runOnlyForDeploymentPostprocessing = 0;
		};
/* End PBXCopyFilesBuildPhase section */

/* Begin PBXFileReference section */
		089C165DFE840E0CC02AAC07 /* English */ = {isa = PBXFileReference; fileEncoding = 4; lastKnownFileType = text.plist.strings; name = English; path = English.lproj/InfoPlist.strings; sourceTree = "<group>"; };
		1058C7A1FEA54F0111CA2CBB /* Cocoa.framework */ = {isa = PBXFileReference; lastKnownFileType = wrapper.framework; name = Cocoa.framework; path = /System/Library/Frameworks/Cocoa.framework; sourceTree = "<absolute>"; };
		13E42FB307B3F0F600E4EEF1 /* CoreData.framework */ = {isa = PBXFileReference; lastKnownFileType = wrapper.framework; name = CoreData.framework; path = /System/Library/Frameworks/CoreData.framework; sourceTree = "<absolute>"; };
		1DDD58150DA1D0A300B32029 /* English */ = {isa = PBXFileReference; lastKnownFileType = file.xib; name = English; path = English.lproj/MainMenu.xib; sourceTree = "<group>"; };
		256AC3D80F4B6AC300CF3369 /* serverAppDelegate.h */ = {isa = PBXFileReference; fileEncoding = 4; lastKnownFileType = sourcecode.c.h; path = serverAppDelegate.h; sourceTree = "<group>"; };
		256AC3D90F4B6AC300CF3369 /* serverAppDelegate.m */ = {isa = PBXFileReference; fileEncoding = 4; lastKnownFileType = sourcecode.c.objc; path = serverAppDelegate.m; sourceTree = "<group>"; };
		256AC3F00F4B6AF500CF3369 /* server_Prefix.pch */ = {isa = PBXFileReference; fileEncoding = 4; lastKnownFileType = sourcecode.c.h; path = server_Prefix.pch; sourceTree = "<group>"; };
		29B97316FDCFA39411CA2CEA /* main.m */ = {isa = PBXFileReference; fileEncoding = 4; lastKnownFileType = sourcecode.c.objc; path = main.m; sourceTree = "<group>"; };
		29B97324FDCFA39411CA2CEA /* AppKit.framework */ = {isa = PBXFileReference; lastKnownFileType = wrapper.framework; name = AppKit.framework; path = /System/Library/Frameworks/AppKit.framework; sourceTree = "<absolute>"; };
		29B97325FDCFA39411CA2CEA /* Foundation.framework */ = {isa = PBXFileReference; lastKnownFileType = wrapper.framework; name = Foundation.framework; path = /System/Library/Frameworks/Foundation.framework; sourceTree = "<absolute>"; };
		8D1107310486CEB800E47090 /* server-Info.plist */ = {isa = PBXFileReference; fileEncoding = 4; lastKnownFileType = text.plist.xml; path = "server-Info.plist"; sourceTree = "<group>"; };
		8D1107320486CEB800E47090 /* spotfm.app */ = {isa = PBXFileReference; explicitFileType = wrapper.application; includeInIndex = 0; path = spotfm.app; sourceTree = BUILT_PRODUCTS_DIR; };
		943E8E49127DCC86006894D3 /* Security.framework */ = {isa = PBXFileReference; lastKnownFileType = wrapper.framework; name = Security.framework; path = System/Library/Frameworks/Security.framework; sourceTree = SDKROOT; };
		9458ECAC12845BE500E3B662 /* libyajl.1.0.11.dylib */ = {isa = PBXFileReference; lastKnownFileType = "compiled.mach-o.dylib"; name = libyajl.1.0.11.dylib; path = "yajl/build/yajl-1.0.11/lib/libyajl.1.0.11.dylib"; sourceTree = "<group>"; };
		9458ECE01284D3D700E3B662 /* SXXXXXXXApplication.h */ = {isa = PBXFileReference; fileEncoding = 4; lastKnownFileType = sourcecode.c.h; path = SXXXXXXXApplication.h; sourceTree = "<group>"; };
		9458ECE11284D3D700E3B662 /* SXXXXXXXApplication.m */ = {isa = PBXFileReference; fileEncoding = 4; lastKnownFileType = sourcecode.c.objc; path = SXXXXXXXApplication.m; sourceTree = "<group>"; };
		9471D512126A04A40042C978 /* sx_server.h */ = {isa = PBXFileReference; fileEncoding = 4; lastKnownFileType = sourcecode.c.h; path = sx_server.h; sourceTree = "<group>"; };
		9471D513126A04A40042C978 /* sx_server.c */ = {isa = PBXFileReference; fileEncoding = 4; lastKnownFileType = sourcecode.c.c; path = sx_server.c; sourceTree = "<group>"; };
		9471D536126A06C80042C978 /* libspotify.framework */ = {isa = PBXFileReference; lastKnownFileType = wrapper.framework; path = libspotify.framework; sourceTree = "<group>"; };
		9471D53C126A07060042C978 /* sxxxxxxx.h */ = {isa = PBXFileReference; fileEncoding = 4; lastKnownFileType = sourcecode.c.h; path = sxxxxxxx.h; sourceTree = "<group>"; };
		9471D53D126A07060042C978 /* sxxxxxxx.c */ = {isa = PBXFileReference; fileEncoding = 4; lastKnownFileType = sourcecode.c.c; path = sxxxxxxx.c; sourceTree = "<group>"; };
		9471D568126A09F60042C978 /* sx.h */ = {isa = PBXFileReference; fileEncoding = 4; lastKnownFileType = sourcecode.c.h; path = sx.h; sourceTree = "<group>"; };
		9471D58A126A140C0042C978 /* appkey.c */ = {isa = PBXFileReference; fileEncoding = 4; lastKnownFileType = sourcecode.c.c; path = appkey.c; sourceTree = "<group>"; };
		9471D61E126A15A30042C978 /* http_parser.c */ = {isa = PBXFileReference; fileEncoding = 4; lastKnownFileType = sourcecode.c.c; path = http_parser.c; sourceTree = "<group>"; };
		9471D61F126A15A30042C978 /* http_parser.h */ = {isa = PBXFileReference; fileEncoding = 4; lastKnownFileType = sourcecode.c.h; path = http_parser.h; sourceTree = "<group>"; };
		9473052F12BAFD7300149FE8 /* jquery-1.4.4.min.js */ = {isa = PBXFileReference; fileEncoding = 4; lastKnownFileType = sourcecode.javascript; path = "jquery-1.4.4.min.js"; sourceTree = "<group>"; };
		948D122A127E55180082650E /* md5.h */ = {isa = PBXFileReference; fileEncoding = 4; lastKnownFileType = sourcecode.c.h; path = md5.h; sourceTree = "<group>"; };
		948D122B127E55180082650E /* md5.c */ = {isa = PBXFileReference; fileEncoding = 4; lastKnownFileType = sourcecode.c.c; path = md5.c; sourceTree = "<group>"; };
		948D1504127FA4810082650E /* web_socket.h */ = {isa = PBXFileReference; fileEncoding = 4; lastKnownFileType = sourcecode.c.h; path = web_socket.h; sourceTree = "<group>"; };
		948D1505127FA4810082650E /* web_socket.c */ = {isa = PBXFileReference; fileEncoding = 4; lastKnownFileType = sourcecode.c.c; path = web_socket.c; sourceTree = "<group>"; };
		9499E96F128385850002B79F /* WebKit.framework */ = {isa = PBXFileReference; lastKnownFileType = wrapper.framework; name = WebKit.framework; path = System/Library/Frameworks/WebKit.framework; sourceTree = SDKROOT; };
		9499E98B128389F00002B79F /* core.js */ = {isa = PBXFileReference; fileEncoding = 4; lastKnownFileType = sourcecode.javascript; path = core.js; sourceTree = "<group>"; };
		9499E99612838CBB0002B79F /* controls.html */ = {isa = PBXFileReference; fileEncoding = 4; lastKnownFileType = text.html; path = controls.html; sourceTree = "<group>"; };
		9499EC101286157A0002B79F /* main.c */ = {isa = PBXFileReference; fileEncoding = 4; lastKnownFileType = sourcecode.c.c; path = main.c; sourceTree = "<group>"; };
		9499EC40128619020002B79F /* keychain.h */ = {isa = PBXFileReference; fileEncoding = 4; lastKnownFileType = sourcecode.c.h; path = keychain.h; sourceTree = "<group>"; };
		9499EC41128619020002B79F /* keychain.c */ = {isa = PBXFileReference; fileEncoding = 4; lastKnownFileType = sourcecode.c.c; path = keychain.c; sourceTree = "<group>"; };
		94CC837812A06F8200C14128 /* sx_spotify.c */ = {isa = PBXFileReference; fileEncoding = 4; lastKnownFileType = sourcecode.c.c; path = sx_spotify.c; sourceTree = "<group>"; };
		94CC837912A06F8200C14128 /* sx_spotify.h */ = {isa = PBXFileReference; fileEncoding = 4; lastKnownFileType = sourcecode.c.h; path = sx_spotify.h; sourceTree = "<group>"; };
		94CC837B12A07B2500C14128 /* sx_json.c */ = {isa = PBXFileReference; fileEncoding = 4; lastKnownFileType = sourcecode.c.c; path = sx_json.c; sourceTree = "<group>"; };
		94CC837C12A07B2500C14128 /* sx_json.h */ = {isa = PBXFileReference; fileEncoding = 4; lastKnownFileType = sourcecode.c.h; path = sx_json.h; sourceTree = "<group>"; };
		94E03231126A29B100A59FA5 /* audio.c */ = {isa = PBXFileReference; fileEncoding = 4; lastKnownFileType = sourcecode.c.c; path = audio.c; sourceTree = "<group>"; };
		94E03232126A29B100A59FA5 /* audio.h */ = {isa = PBXFileReference; fileEncoding = 4; lastKnownFileType = sourcecode.c.h; path = audio.h; sourceTree = "<group>"; };
		94E03236126A2A1500A59FA5 /* queue.h */ = {isa = PBXFileReference; fileEncoding = 4; lastKnownFileType = sourcecode.c.h; path = queue.h; sourceTree = "<group>"; };
		94E0324F126A2B1F00A59FA5 /* osx-audio.c */ = {isa = PBXFileReference; fileEncoding = 4; lastKnownFileType = sourcecode.c.c; path = "osx-audio.c"; sourceTree = "<group>"; };
		94E03253126A2B6800A59FA5 /* AudioToolbox.framework */ = {isa = PBXFileReference; lastKnownFileType = wrapper.framework; name = AudioToolbox.framework; path = System/Library/Frameworks/AudioToolbox.framework; sourceTree = SDKROOT; };
		94E4ED5D12D903BB00BF6C30 /* spotfm.icns */ = {isa = PBXFileReference; lastKnownFileType = image.icns; path = spotfm.icns; sourceTree = "<group>"; };
		94E4ED8412D906AC00BF6C30 /* status-icon.png */ = {isa = PBXFileReference; lastKnownFileType = image.png; path = "status-icon.png"; sourceTree = "<group>"; };
		94F074CE12A8769D003FA35D /* base64_encode.h */ = {isa = PBXFileReference; fileEncoding = 4; lastKnownFileType = sourcecode.c.h; path = base64_encode.h; sourceTree = "<group>"; };
		94F074CF12A8769D003FA35D /* base64_encode.c */ = {isa = PBXFileReference; fileEncoding = 4; lastKnownFileType = sourcecode.c.c; path = base64_encode.c; sourceTree = "<group>"; };
/* End PBXFileReference section */

/* Begin PBXFrameworksBuildPhase section */
		8D11072E0486CEB800E47090 /* Frameworks */ = {
			isa = PBXFrameworksBuildPhase;
			buildActionMask = 2147483647;
			files = (
				8D11072F0486CEB800E47090 /* Cocoa.framework in Frameworks */,
				9471D537126A06C80042C978 /* libspotify.framework in Frameworks */,
				94E03254126A2B6800A59FA5 /* AudioToolbox.framework in Frameworks */,
				943E8E4A127DCC86006894D3 /* Security.framework in Frameworks */,
				9499E970128385850002B79F /* WebKit.framework in Frameworks */,
				9458ECAD12845BE500E3B662 /* libyajl.1.0.11.dylib in Frameworks */,
			);
			runOnlyForDeploymentPostprocessing = 0;
		};
/* End PBXFrameworksBuildPhase section */

/* Begin PBXGroup section */
		080E96DDFE201D6D7F000001 /* Classes */ = {
			isa = PBXGroup;
			children = (
				256AC3D80F4B6AC300CF3369 /* serverAppDelegate.h */,
				256AC3D90F4B6AC300CF3369 /* serverAppDelegate.m */,
				9458ECE01284D3D700E3B662 /* SXXXXXXXApplication.h */,
				9458ECE11284D3D700E3B662 /* SXXXXXXXApplication.m */,
			);
			name = Classes;
			sourceTree = "<group>";
		};
		1058C7A0FEA54F0111CA2CBB /* Linked Frameworks */ = {
			isa = PBXGroup;
			children = (
				1058C7A1FEA54F0111CA2CBB /* Cocoa.framework */,
			);
			name = "Linked Frameworks";
			sourceTree = "<group>";
		};
		1058C7A2FEA54F0111CA2CBB /* Other Frameworks */ = {
			isa = PBXGroup;
			children = (
				29B97324FDCFA39411CA2CEA /* AppKit.framework */,
				13E42FB307B3F0F600E4EEF1 /* CoreData.framework */,
				29B97325FDCFA39411CA2CEA /* Foundation.framework */,
			);
			name = "Other Frameworks";
			sourceTree = "<group>";
		};
		19C28FACFE9D520D11CA2CBB /* Products */ = {
			isa = PBXGroup;
			children = (
				8D1107320486CEB800E47090 /* spotfm.app */,
			);
			name = Products;
			sourceTree = "<group>";
		};
		29B97314FDCFA39411CA2CEA /* server */ = {
			isa = PBXGroup;
			children = (
				94D0FE56129F2F9E00E7E09E /* OS X */,
				9499E98A128389F00002B79F /* js */,
				9471D5F7126A15A30042C978 /* http-parser */,
				94F074CD12A8769D003FA35D /* base64 */,
				29B97315FDCFA39411CA2CEA /* Other Sources */,
				29B97317FDCFA39411CA2CEA /* Resources */,
				29B97323FDCFA39411CA2CEA /* Frameworks */,
				19C28FACFE9D520D11CA2CBB /* Products */,
			);
			name = server;
			sourceTree = "<group>";
		};
		29B97315FDCFA39411CA2CEA /* Other Sources */ = {
			isa = PBXGroup;
			children = (
				94E03236126A2A1500A59FA5 /* queue.h */,
				9471D512126A04A40042C978 /* sx_server.h */,
				9471D513126A04A40042C978 /* sx_server.c */,
				9471D53C126A07060042C978 /* sxxxxxxx.h */,
				9471D53D126A07060042C978 /* sxxxxxxx.c */,
				9471D568126A09F60042C978 /* sx.h */,
				9471D58A126A140C0042C978 /* appkey.c */,
				94E03232126A29B100A59FA5 /* audio.h */,
				94E03231126A29B100A59FA5 /* audio.c */,
				948D122A127E55180082650E /* md5.h */,
				948D122B127E55180082650E /* md5.c */,
				948D1504127FA4810082650E /* web_socket.h */,
				948D1505127FA4810082650E /* web_socket.c */,
				94CC837812A06F8200C14128 /* sx_spotify.c */,
				94CC837912A06F8200C14128 /* sx_spotify.h */,
				94CC837B12A07B2500C14128 /* sx_json.c */,
				94CC837C12A07B2500C14128 /* sx_json.h */,
			);
			name = "Other Sources";
			sourceTree = "<group>";
		};
		29B97317FDCFA39411CA2CEA /* Resources */ = {
			isa = PBXGroup;
			children = (
				94E4ED8412D906AC00BF6C30 /* status-icon.png */,
				94E4ED5D12D903BB00BF6C30 /* spotfm.icns */,
				8D1107310486CEB800E47090 /* server-Info.plist */,
				089C165CFE840E0CC02AAC07 /* InfoPlist.strings */,
				1DDD58140DA1D0A300B32029 /* MainMenu.xib */,
			);
			name = Resources;
			sourceTree = "<group>";
		};
		29B97323FDCFA39411CA2CEA /* Frameworks */ = {
			isa = PBXGroup;
			children = (
				9458ECAC12845BE500E3B662 /* libyajl.1.0.11.dylib */,
				943E8E49127DCC86006894D3 /* Security.framework */,
				1058C7A0FEA54F0111CA2CBB /* Linked Frameworks */,
				1058C7A2FEA54F0111CA2CBB /* Other Frameworks */,
				9471D536126A06C80042C978 /* libspotify.framework */,
				94E03253126A2B6800A59FA5 /* AudioToolbox.framework */,
				9499E96F128385850002B79F /* WebKit.framework */,
			);
			name = Frameworks;
			sourceTree = "<group>";
		};
		9471D5F7126A15A30042C978 /* http-parser */ = {
			isa = PBXGroup;
			children = (
				9471D61E126A15A30042C978 /* http_parser.c */,
				9471D61F126A15A30042C978 /* http_parser.h */,
			);
			path = "http-parser";
			sourceTree = "<group>";
		};
		9499E98A128389F00002B79F /* js */ = {
			isa = PBXGroup;
			children = (
				9473052F12BAFD7300149FE8 /* jquery-1.4.4.min.js */,
				9499E99612838CBB0002B79F /* controls.html */,
				9499E98B128389F00002B79F /* core.js */,
			);
			name = js;
			path = ../js;
			sourceTree = SOURCE_ROOT;
		};
		94D0FE56129F2F9E00E7E09E /* OS X */ = {
			isa = PBXGroup;
			children = (
				080E96DDFE201D6D7F000001 /* Classes */,
				94E0324F126A2B1F00A59FA5 /* osx-audio.c */,
				256AC3F00F4B6AF500CF3369 /* server_Prefix.pch */,
				29B97316FDCFA39411CA2CEA /* main.m */,
				9499EC40128619020002B79F /* keychain.h */,
				9499EC41128619020002B79F /* keychain.c */,
				9499EC101286157A0002B79F /* main.c */,
			);
			name = "OS X";
			sourceTree = "<group>";
		};
		94F074CD12A8769D003FA35D /* base64 */ = {
			isa = PBXGroup;
			children = (
				94F074CE12A8769D003FA35D /* base64_encode.h */,
				94F074CF12A8769D003FA35D /* base64_encode.c */,
			);
			path = base64;
			sourceTree = "<group>";
		};
/* End PBXGroup section */

/* Begin PBXNativeTarget section */
		8D1107260486CEB800E47090 /* spotfm */ = {
			isa = PBXNativeTarget;
			buildConfigurationList = C01FCF4A08A954540054247B /* Build configuration list for PBXNativeTarget "spotfm" */;
			buildPhases = (
				9471D684126A1A8A0042C978 /* Copy Frameworks */,
				8D1107290486CEB800E47090 /* Resources */,
				8D11072C0486CEB800E47090 /* Sources */,
				8D11072E0486CEB800E47090 /* Frameworks */,
			);
			buildRules = (
			);
			dependencies = (
			);
			name = spotfm;
			productInstallPath = "$(HOME)/Applications";
			productName = server;
			productReference = 8D1107320486CEB800E47090 /* spotfm.app */;
			productType = "com.apple.product-type.application";
		};
/* End PBXNativeTarget section */

/* Begin PBXProject section */
		29B97313FDCFA39411CA2CEA /* Project object */ = {
			isa = PBXProject;
			buildConfigurationList = C01FCF4E08A954540054247B /* Build configuration list for PBXProject "server" */;
			compatibilityVersion = "Xcode 3.1";
			developmentRegion = English;
			hasScannedForEncodings = 1;
			knownRegions = (
				English,
				Japanese,
				French,
				German,
			);
			mainGroup = 29B97314FDCFA39411CA2CEA /* server */;
			projectDirPath = "";
			projectRoot = "";
			targets = (
				8D1107260486CEB800E47090 /* spotfm */,
			);
		};
/* End PBXProject section */

/* Begin PBXResourcesBuildPhase section */
		8D1107290486CEB800E47090 /* Resources */ = {
			isa = PBXResourcesBuildPhase;
			buildActionMask = 2147483647;
			files = (
				9473053A12BAFD7900149FE8 /* jquery-1.4.4.min.js in Resources */,
				9499E99A12838CD60002B79F /* controls.html in Resources */,
				9499E98F128389FE0002B79F /* core.js in Resources */,
				8D11072B0486CEB800E47090 /* InfoPlist.strings in Resources */,
				1DDD58160DA1D0A300B32029 /* MainMenu.xib in Resources */,
				94E4ED5E12D903BB00BF6C30 /* spotfm.icns in Resources */,
				94E4ED8512D906AC00BF6C30 /* status-icon.png in Resources */,
			);
			runOnlyForDeploymentPostprocessing = 0;
		};
/* End PBXResourcesBuildPhase section */

/* Begin PBXSourcesBuildPhase section */
		8D11072C0486CEB800E47090 /* Sources */ = {
			isa = PBXSourcesBuildPhase;
			buildActionMask = 2147483647;
			files = (
				8D11072D0486CEB800E47090 /* main.m in Sources */,
				256AC3DA0F4B6AC300CF3369 /* serverAppDelegate.m in Sources */,
				9471D514126A04A40042C978 /* sx_server.c in Sources */,
				9471D53E126A07060042C978 /* sxxxxxxx.c in Sources */,
				9471D63B126A15A30042C978 /* http_parser.c in Sources */,
				94E03233126A29B100A59FA5 /* audio.c in Sources */,
				94E03250126A2B1F00A59FA5 /* osx-audio.c in Sources */,
				948D122C127E55180082650E /* md5.c in Sources */,
				948D1506127FA4810082650E /* web_socket.c in Sources */,
				9458ECE21284D3D700E3B662 /* SXXXXXXXApplication.m in Sources */,
				9499EC42128619020002B79F /* keychain.c in Sources */,
				94CC837A12A06F8200C14128 /* sx_spotify.c in Sources */,
				94CC837D12A07B2500C14128 /* sx_json.c in Sources */,
				94F074D012A8769D003FA35D /* base64_encode.c in Sources */,
				9473053012BAFD7300149FE8 /* jquery-1.4.4.min.js in Sources */,
			);
			runOnlyForDeploymentPostprocessing = 0;
		};
/* End PBXSourcesBuildPhase section */

/* Begin PBXVariantGroup section */
		089C165CFE840E0CC02AAC07 /* InfoPlist.strings */ = {
			isa = PBXVariantGroup;
			children = (
				089C165DFE840E0CC02AAC07 /* English */,
			);
			name = InfoPlist.strings;
			sourceTree = "<group>";
		};
		1DDD58140DA1D0A300B32029 /* MainMenu.xib */ = {
			isa = PBXVariantGroup;
			children = (
				1DDD58150DA1D0A300B32029 /* English */,
			);
			name = MainMenu.xib;
			sourceTree = "<group>";
		};
/* End PBXVariantGroup section */

/* Begin XCBuildConfiguration section */
		C01FCF4B08A954540054247B /* Debug */ = {
			isa = XCBuildConfiguration;
			buildSettings = {
				ALWAYS_SEARCH_USER_PATHS = NO;
				COPY_PHASE_STRIP = NO;
				FRAMEWORK_SEARCH_PATHS = (
					"$(inherited)",
					"\"$(SRCROOT)\"",
				);
				GCC_DYNAMIC_NO_PIC = NO;
				GCC_ENABLE_FIX_AND_CONTINUE = YES;
				GCC_MODEL_TUNING = G5;
				GCC_OPTIMIZATION_LEVEL = 0;
				GCC_PRECOMPILE_PREFIX_HEADER = YES;
				GCC_PREFIX_HEADER = server_Prefix.pch;
				INFOPLIST_FILE = "server-Info.plist";
				INSTALL_PATH = "$(HOME)/Applications";
				LIBRARY_SEARCH_PATHS = (
					"$(inherited)",
					"\"$(SRCROOT)/yajl/build/yajl-1.0.11/lib\"",
				);
				PRODUCT_NAME = spotfm;
			};
			name = Debug;
		};
		C01FCF4C08A954540054247B /* Release */ = {
			isa = XCBuildConfiguration;
			buildSettings = {
				ALWAYS_SEARCH_USER_PATHS = NO;
				DEBUG_INFORMATION_FORMAT = "dwarf-with-dsym";
				FRAMEWORK_SEARCH_PATHS = (
					"$(inherited)",
					"\"$(SRCROOT)\"",
				);
				GCC_MODEL_TUNING = G5;
				GCC_PRECOMPILE_PREFIX_HEADER = YES;
				GCC_PREFIX_HEADER = server_Prefix.pch;
				INFOPLIST_FILE = "server-Info.plist";
				INSTALL_PATH = "$(HOME)/Applications";
				LIBRARY_SEARCH_PATHS = (
					"$(inherited)",
					"\"$(SRCROOT)/yajl/build/yajl-1.0.11/lib\"",
				);
				PRODUCT_NAME = spotfm;
			};
			name = Release;
		};
		C01FCF4F08A954540054247B /* Debug */ = {
			isa = XCBuildConfiguration;
			buildSettings = {
				ARCHS = "$(ARCHS_STANDARD_64_BIT)";
				GCC_C_LANGUAGE_STANDARD = gnu99;
				GCC_OPTIMIZATION_LEVEL = 0;
				GCC_WARN_ABOUT_RETURN_TYPE = YES;
				GCC_WARN_UNUSED_VARIABLE = YES;
				HEADER_SEARCH_PATHS = (
					"yajl/build/yajl-1.0.11/include",
					"http-parser",
				);
				LIBRARY_SEARCH_PATHS = "yajl/build/yajl-1.0.11/lib";
				ONLY_ACTIVE_ARCH = YES;
				PREBINDING = NO;
				SDKROOT = macosx10.6;
			};
			name = Debug;
		};
		C01FCF5008A954540054247B /* Release */ = {
			isa = XCBuildConfiguration;
			buildSettings = {
				ARCHS = "$(ARCHS_STANDARD_64_BIT)";
				GCC_C_LANGUAGE_STANDARD = gnu99;
				GCC_WARN_ABOUT_RETURN_TYPE = YES;
				GCC_WARN_UNUSED_VARIABLE = YES;
				HEADER_SEARCH_PATHS = (
					"yajl/build/yajl-1.0.11/include",
					"http-parser",
				);
				LIBRARY_SEARCH_PATHS = "yajl/build/yajl-1.0.11/lib";
				PREBINDING = NO;
				SDKROOT = macosx10.6;
			};
			name = Release;
		};
/* End XCBuildConfiguration section */

/* Begin XCConfigurationList section */
		C01FCF4A08A954540054247B /* Build configuration list for PBXNativeTarget "spotfm" */ = {
			isa = XCConfigurationList;
			buildConfigurations = (
				C01FCF4B08A954540054247B /* Debug */,
				C01FCF4C08A954540054247B /* Release */,
			);
			defaultConfigurationIsVisible = 0;
			defaultConfigurationName = Release;
		};
		C01FCF4E08A954540054247B /* Build configuration list for PBXProject "server" */ = {
			isa = XCConfigurationList;
			buildConfigurations = (
				C01FCF4F08A954540054247B /* Debug */,
				C01FCF5008A954540054247B /* Release */,
			);
			defaultConfigurationIsVisible = 0;
			defaultConfigurationName = Release;
		};
/* End XCConfigurationList section */
	};
	rootObject = 29B97313FDCFA39411CA2CEA /* Project object */;
}
